// !$*UTF8*$!
{
	archiveVersion = 1;
	classes = {
	};
	objectVersion = 50;
	objects = {

/* Begin PBXBuildFile section */
		A6A8F42D24CD9EDE00C173CD /* AppDelegate.swift in Sources */ = {isa = PBXBuildFile; fileRef = A6A8F42C24CD9EDE00C173CD /* AppDelegate.swift */; };
		A6A8F42F24CD9EDE00C173CD /* SceneDelegate.swift in Sources */ = {isa = PBXBuildFile; fileRef = A6A8F42E24CD9EDE00C173CD /* SceneDelegate.swift */; };
		A6A8F43124CD9EDE00C173CD /* ViewController.swift in Sources */ = {isa = PBXBuildFile; fileRef = A6A8F43024CD9EDE00C173CD /* ViewController.swift */; };
		A6A8F43424CD9EDE00C173CD /* Main.storyboard in Resources */ = {isa = PBXBuildFile; fileRef = A6A8F43224CD9EDE00C173CD /* Main.storyboard */; };
		A6A8F43624CD9EE100C173CD /* Assets.xcassets in Resources */ = {isa = PBXBuildFile; fileRef = A6A8F43524CD9EE100C173CD /* Assets.xcassets */; };
		A6A8F43924CD9EE100C173CD /* LaunchScreen.storyboard in Resources */ = {isa = PBXBuildFile; fileRef = A6A8F43724CD9EE100C173CD /* LaunchScreen.storyboard */; };
/* End PBXBuildFile section */

/* Begin PBXFileReference section */
		A6A8F42924CD9EDE00C173CD /* PageViewOnXcode.app */ = {isa = PBXFileReference; explicitFileType = wrapper.application; includeInIndex = 0; path = PageViewOnXcode.app; sourceTree = BUILT_PRODUCTS_DIR; };
		A6A8F42C24CD9EDE00C173CD /* AppDelegate.swift */ = {isa = PBXFileReference; lastKnownFileType = sourcecode.swift; path = AppDelegate.swift; sourceTree = "<group>"; };
		A6A8F42E24CD9EDE00C173CD /* SceneDelegate.swift */ = {isa = PBXFileReference; lastKnownFileType = sourcecode.swift; path = SceneDelegate.swift; sourceTree = "<group>"; };
		A6A8F43024CD9EDE00C173CD /* ViewController.swift */ = {isa = PBXFileReference; lastKnownFileType = sourcecode.swift; path = ViewController.swift; sourceTree = "<group>"; };
		A6A8F43324CD9EDE00C173CD /* Base */ = {isa = PBXFileReference; lastKnownFileType = file.storyboard; name = Base; path = Base.lproj/Main.storyboard; sourceTree = "<group>"; };
		A6A8F43524CD9EE100C173CD /* Assets.xcassets */ = {isa = PBXFileReference; lastKnownFileType = folder.assetcatalog; path = Assets.xcassets; sourceTree = "<group>"; };
		A6A8F43824CD9EE100C173CD /* Base */ = {isa = PBXFileReference; lastKnownFileType = file.storyboard; name = Base; path = Base.lproj/LaunchScreen.storyboard; sourceTree = "<group>"; };
		A6A8F43A24CD9EE100C173CD /* Info.plist */ = {isa = PBXFileReference; lastKnownFileType = text.plist.xml; path = Info.plist; sourceTree = "<group>"; };
/* End PBXFileReference section */

/* Begin PBXFrameworksBuildPhase section */
		A6A8F42624CD9EDE00C173CD /* Frameworks */ = {
			isa = PBXFrameworksBuildPhase;
			buildActionMask = 2147483647;
			files = (
			);
			runOnlyForDeploymentPostprocessing = 0;
		};
/* End PBXFrameworksBuildPhase section */

/* Begin PBXGroup section */
		A6A8F42024CD9EDE00C173CD = {
			isa = PBXGroup;
			children = (
				A6A8F42B24CD9EDE00C173CD /* PageViewOnXcode */,
				A6A8F42A24CD9EDE00C173CD /* Products */,
			);
			sourceTree = "<group>";
		};
		A6A8F42A24CD9EDE00C173CD /* Products */ = {
			isa = PBXGroup;
			children = (
				A6A8F42924CD9EDE00C173CD /* PageViewOnXcode.app */,
			);
			name = Products;
			sourceTree = "<group>";
		};
		A6A8F42B24CD9EDE00C173CD /* PageViewOnXcode */ = {
			isa = PBXGroup;
			children = (
				A6A8F42C24CD9EDE00C173CD /* AppDelegate.swift */,
				A6A8F42E24CD9EDE00C173CD /* SceneDelegate.swift */,
				A6A8F43024CD9EDE00C173CD /* ViewController.swift */,
				A6A8F43224CD9EDE00C173CD /* Main.storyboard */,
				A6A8F43524CD9EE100C173CD /* Assets.xcassets */,
				A6A8F43724CD9EE100C173CD /* LaunchScreen.storyboard */,
				A6A8F43A24CD9EE100C173CD /* Info.plist */,
			);
			path = PageViewOnXcode;
			sourceTree = "<group>";
		};
/* End PBXGroup section */

/* Begin PBXNativeTarget section */
		A6A8F42824CD9EDE00C173CD /* PageViewOnXcode */ = {
			isa = PBXNativeTarget;
			buildConfigurationList = A6A8F43D24CD9EE100C173CD /* Build configuration list for PBXNativeTarget "PageViewOnXcode" */;
			buildPhases = (
				A6A8F42524CD9EDE00C173CD /* Sources */,
				A6A8F42624CD9EDE00C173CD /* Frameworks */,
				A6A8F42724CD9EDE00C173CD /* Resources */,
			);
			buildRules = (
			);
			dependencies = (
			);
			name = PageViewOnXcode;
			productName = PageViewOnXcode;
			productReference = A6A8F42924CD9EDE00C173CD /* PageViewOnXcode.app */;
			productType = "com.apple.product-type.application";
		};
/* End PBXNativeTarget section */

/* Begin PBXProject section */
		A6A8F42124CD9EDE00C173CD /* Project object */ = {
			isa = PBXProject;
			attributes = {
				LastSwiftUpdateCheck = 1160;
				LastUpgradeCheck = 1160;
				ORGANIZATIONNAME = "Max Susman";
				TargetAttributes = {
					A6A8F42824CD9EDE00C173CD = {
						CreatedOnToolsVersion = 11.6;
					};
				};
			};
			buildConfigurationList = A6A8F42424CD9EDE00C173CD /* Build configuration list for PBXProject "PageViewOnXcode" */;
			compatibilityVersion = "Xcode 9.3";
			developmentRegion = en;
			hasScannedForEncodings = 0;
			knownRegions = (
				en,
				Base,
			);
			mainGroup = A6A8F42024CD9EDE00C173CD;
			productRefGroup = A6A8F42A24CD9EDE00C173CD /* Products */;
			projectDirPath = "";
			projectRoot = "";
			targets = (
				A6A8F42824CD9EDE00C173CD /* PageViewOnXcode */,
			);
		};
/* End PBXProject section */

/* Begin PBXResourcesBuildPhase section */
		A6A8F42724CD9EDE00C173CD /* Resources */ = {
			isa = PBXResourcesBuildPhase;
			buildActionMask = 2147483647;
			files = (
				A6A8F43924CD9EE100C173CD /* LaunchScreen.storyboard in Resources */,
				A6A8F43624CD9EE100C173CD /* Assets.xcassets in Resources */,
				A6A8F43424CD9EDE00C173CD /* Main.storyboard in Resources */,
			);
			runOnlyForDeploymentPostprocessing = 0;
		};
/* End PBXResourcesBuildPhase section */

/* Begin PBXSourcesBuildPhase section */
		A6A8F42524CD9EDE00C173CD /* Sources */ = {
			isa = PBXSourcesBuildPhase;
			buildActionMask = 2147483647;
			files = (
				A6A8F43124CD9EDE00C173CD /* ViewController.swift in Sources */,
				A6A8F42D24CD9EDE00C173CD /* AppDelegate.swift in Sources */,
				A6A8F42F24CD9EDE00C173CD /* SceneDelegate.swift in Sources */,
			);
			runOnlyForDeploymentPostprocessing = 0;
		};
/* End PBXSourcesBuildPhase section */

/* Begin PBXVariantGroup section */
		A6A8F43224CD9EDE00C173CD /* Main.storyboard */ = {
			isa = PBXVariantGroup;
			children = (
				A6A8F43324CD9EDE00C173CD /* Base */,
			);
			name = Main.storyboard;
			sourceTree = "<group>";
		};
		A6A8F43724CD9EE100C173CD /* LaunchScreen.storyboard */ = {
			isa = PBXVariantGroup;
			children = (
				A6A8F43824CD9EE100C173CD /* Base */,
			);
			name = LaunchScreen.storyboard;
			sourceTree = "<group>";
		};
/* End PBXVariantGroup section */

/* Begin XCBuildConfiguration section */
		A6A8F43B24CD9EE100C173CD /* Debug */ = {
			isa = XCBuildConfiguration;
			buildSettings = {
				ALWAYS_SEARCH_USER_PATHS = NO;
				CLANG_ANALYZER_NONNULL = YES;
				CLANG_ANALYZER_NUMBER_OBJECT_CONVERSION = YES_AGGRESSIVE;
				CLANG_CXX_LANGUAGE_STANDARD = "gnu++14";
				CLANG_CXX_LIBRARY = "libc++";
				CLANG_ENABLE_MODULES = YES;
				CLANG_ENABLE_OBJC_ARC = YES;
				CLANG_ENABLE_OBJC_WEAK = YES;
				CLANG_WARN_BLOCK_CAPTURE_AUTORELEASING = YES;
				CLANG_WARN_BOOL_CONVERSION = YES;
				CLANG_WARN_COMMA = YES;
				CLANG_WARN_CONSTANT_CONVERSION = YES;
				CLANG_WARN_DEPRECATED_OBJC_IMPLEMENTATIONS = YES;
				CLANG_WARN_DIRECT_OBJC_ISA_USAGE = YES_ERROR;
				CLANG_WARN_DOCUMENTATION_COMMENTS = YES;
				CLANG_WARN_EMPTY_BODY = YES;
				CLANG_WARN_ENUM_CONVERSION = YES;
				CLANG_WARN_INFINITE_RECURSION = YES;
				CLANG_WARN_INT_CONVERSION = YES;
				CLANG_WARN_NON_LITERAL_NULL_CONVERSION = YES;
				CLANG_WARN_OBJC_IMPLICIT_RETAIN_SELF = YES;
				CLANG_WARN_OBJC_LITERAL_CONVERSION = YES;
				CLANG_WARN_OBJC_ROOT_CLASS = YES_ERROR;
				CLANG_WARN_RANGE_LOOP_ANALYSIS = YES;
				CLANG_WARN_STRICT_PROTOTYPES = YES;
				CLANG_WARN_SUSPICIOUS_MOVE = YES;
				CLANG_WARN_UNGUARDED_AVAILABILITY = YES_AGGRESSIVE;
				CLANG_WARN_UNREACHABLE_CODE = YES;
				CLANG_WARN__DUPLICATE_METHOD_MATCH = YES;
				COPY_PHASE_STRIP = NO;
				DEBUG_INFORMATION_FORMAT = dwarf;
				ENABLE_STRICT_OBJC_MSGSEND = YES;
				ENABLE_TESTABILITY = YES;
				GCC_C_LANGUAGE_STANDARD = gnu11;
				GCC_DYNAMIC_NO_PIC = NO;
				GCC_NO_COMMON_BLOCKS = YES;
				GCC_OPTIMIZATION_LEVEL = 0;
				GCC_PREPROCESSOR_DEFINITIONS = (
					"DEBUG=1",
					"$(inherited)",
				);
				GCC_WARN_64_TO_32_BIT_CONVERSION = YES;
				GCC_WARN_ABOUT_RETURN_TYPE = YES_ERROR;
				GCC_WARN_UNDECLARED_SELECTOR = YES;
				GCC_WARN_UNINITIALIZED_AUTOS = YES_AGGRESSIVE;
				GCC_WARN_UNUSED_FUNCTION = YES;
				GCC_WARN_UNUSED_VARIABLE = YES;
				IPHONEOS_DEPLOYMENT_TARGET = 13.6;
				MTL_ENABLE_DEBUG_INFO = INCLUDE_SOURCE;
				MTL_FAST_MATH = YES;
				ONLY_ACTIVE_ARCH = YES;
				SDKROOT = iphoneos;
				SWIFT_ACTIVE_COMPILATION_CONDITIONS = DEBUG;
				SWIFT_OPTIMIZATION_LEVEL = "-Onone";
			};
			name = Debug;
		};
		A6A8F43C24CD9EE100C173CD /* Release */ = {
			isa = XCBuildConfiguration;
			buildSettings = {
				ALWAYS_SEARCH_USER_PATHS = NO;
				CLANG_ANALYZER_NONNULL = YES;
				CLANG_ANALYZER_NUMBER_OBJECT_CONVERSION = YES_AGGRESSIVE;
				CLANG_CXX_LANGUAGE_STANDARD = "gnu++14";
				CLANG_CXX_LIBRARY = "libc++";
				CLANG_ENABLE_MODULES = YES;
				CLANG_ENABLE_OBJC_ARC = YES;
				CLANG_ENABLE_OBJC_WEAK = YES;
				CLANG_WARN_BLOCK_CAPTURE_AUTORELEASING = YES;
				CLANG_WARN_BOOL_CONVERSION = YES;
				CLANG_WARN_COMMA = YES;
				CLANG_WARN_CONSTANT_CONVERSION = YES;
				CLANG_WARN_DEPRECATED_OBJC_IMPLEMENTATIONS = YES;
				CLANG_WARN_DIRECT_OBJC_ISA_USAGE = YES_ERROR;
				CLANG_WARN_DOCUMENTATION_COMMENTS = YES;
				CLANG_WARN_EMPTY_BODY = YES;
				CLANG_WARN_ENUM_CONVERSION = YES;
				CLANG_WARN_INFINITE_RECURSION = YES;
				CLANG_WARN_INT_CONVERSION = YES;
				CLANG_WARN_NON_LITERAL_NULL_CONVERSION = YES;
				CLANG_WARN_OBJC_IMPLICIT_RETAIN_SELF = YES;
				CLANG_WARN_OBJC_LITERAL_CONVERSION = YES;
				CLANG_WARN_OBJC_ROOT_CLASS = YES_ERROR;
				CLANG_WARN_RANGE_LOOP_ANALYSIS = YES;
				CLANG_WARN_STRICT_PROTOTYPES = YES;
				CLANG_WARN_SUSPICIOUS_MOVE = YES;
				CLANG_WARN_UNGUARDED_AVAILABILITY = YES_AGGRESSIVE;
				CLANG_WARN_UNREACHABLE_CODE = YES;
				CLANG_WARN__DUPLICATE_METHOD_MATCH = YES;
				COPY_PHASE_STRIP = NO;
				DEBUG_INFORMATION_FORMAT = "dwarf-with-dsym";
				ENABLE_NS_ASSERTIONS = NO;
				ENABLE_STRICT_OBJC_MSGSEND = YES;
				GCC_C_LANGUAGE_STANDARD = gnu11;
				GCC_NO_COMMON_BLOCKS = YES;
				GCC_WARN_64_TO_32_BIT_CONVERSION = YES;
				GCC_WARN_ABOUT_RETURN_TYPE = YES_ERROR;
				GCC_WARN_UNDECLARED_SELECTOR = YES;
				GCC_WARN_UNINITIALIZED_AUTOS = YES_AGGRESSIVE;
				GCC_WARN_UNUSED_FUNCTION = YES;
				GCC_WARN_UNUSED_VARIABLE = YES;
				IPHONEOS_DEPLOYMENT_TARGET = 13.6;
				MTL_ENABLE_DEBUG_INFO = NO;
				MTL_FAST_MATH = YES;
				SDKROOT = iphoneos;
				SWIFT_COMPILATION_MODE = wholemodule;
				SWIFT_OPTIMIZATION_LEVEL = "-O";
				VALIDATE_PRODUCT = YES;
			};
			name = Release;
		};
		A6A8F43E24CD9EE100C173CD /* Debug */ = {
			isa = XCBuildConfiguration;
			buildSettings = {
				ASSETCATALOG_COMPILER_APPICON_NAME = AppIcon;
				CODE_SIGN_STYLE = Automatic;
				DEVELOPMENT_TEAM = 354UWT7ZK9;
				INFOPLIST_FILE = PageViewOnXcode/Info.plist;
				LD_RUNPATH_SEARCH_PATHS = (
					"$(inherited)",
					"@executable_path/Frameworks",
				);
				PRODUCT_BUNDLE_IDENTIFIER = com.MGS.PageViewOnXcode;
				PRODUCT_NAME = "$(TARGET_NAME)";
				SWIFT_VERSION = 5.0;
				TARGETED_DEVICE_FAMILY = "1,2";
			};
			name = Debug;
		};
		A6A8F43F24CD9EE100C173CD /* Release */ = {
			isa = XCBuildConfiguration;
			buildSettings = {
				ASSETCATALOG_COMPILER_APPICON_NAME = AppIcon;
				CODE_SIGN_STYLE = Automatic;
				DEVELOPMENT_TEAM = 354UWT7ZK9;
				INFOPLIST_FILE = PageViewOnXcode/Info.plist;
				LD_RUNPATH_SEARCH_PATHS = (
					"$(inherited)",
					"@executable_path/Frameworks",
				);
				PRODUCT_BUNDLE_IDENTIFIER = com.MGS.PageViewOnXcode;
				PRODUCT_NAME = "$(TARGET_NAME)";
				SWIFT_VERSION = 5.0;
				TARGETED_DEVICE_FAMILY = "1,2";
			};
			name = Release;
		};
/* End XCBuildConfiguration section */

/* Begin XCConfigurationList section */
		A6A8F42424CD9EDE00C173CD /* Build configuration list for PBXProject "PageViewOnXcode" */ = {
			isa = XCConfigurationList;
			buildConfigurations = (
				A6A8F43B24CD9EE100C173CD /* Debug */,
				A6A8F43C24CD9EE100C173CD /* Release */,
			);
			defaultConfigurationIsVisible = 0;
			defaultConfigurationName = Release;
		};
		A6A8F43D24CD9EE100C173CD /* Build configuration list for PBXNativeTarget "PageViewOnXcode" */ = {
			isa = XCConfigurationList;
			buildConfigurations = (
				A6A8F43E24CD9EE100C173CD /* Debug */,
				A6A8F43F24CD9EE100C173CD /* Release */,
			);
			defaultConfigurationIsVisible = 0;
			defaultConfigurationName = Release;
		};
/* End XCConfigurationList section */
	};
	rootObject = A6A8F42124CD9EDE00C173CD /* Project object */;
}
